
Microsoft Visual Studio Solution File, Format Version 12.00
# Visual Studio Version 17
VisualStudioVersion = 17.0.32126.317
MinimumVisualStudioVersion = 10.0.40219.1
Project("{FAE04EC0-301F-11D3-BF4B-00C04F79EFBC}") = "LGR_Futbal", "LGR_Futbal.csproj", "{7EB714CA-7E20-4ABD-8FCB-75F26A5649CA}"
EndProject
Project("{54435603-DBB4-11D2-8724-00A0C9A8B90C}") = "Setup", "..\Setup\Setup.vdproj", "{A9BECB2B-A32A-4BBD-A548-E7804BF72AA4}"
EndProject
Global
	GlobalSection(SolutionConfigurationPlatforms) = preSolution
		Debug|Any CPU = Debug|Any CPU
		Release|Any CPU = Release|Any CPU
	EndGlobalSection
	GlobalSection(ProjectConfigurationPlatforms) = postSolution
		{7EB714CA-7E20-4ABD-8FCB-75F26A5649CA}.Debug|Any CPU.ActiveCfg = Debug|Any CPU
		{7EB714CA-7E20-4ABD-8FCB-75F26A5649CA}.Debug|Any CPU.Build.0 = Debug|Any CPU
		{7EB714CA-7E20-4ABD-8FCB-75F26A5649CA}.Release|Any CPU.ActiveCfg = Release|Any CPU
		{7EB714CA-7E20-4ABD-8FCB-75F26A5649CA}.Release|Any CPU.Build.0 = Release|Any CPU
		{A9BECB2B-A32A-4BBD-A548-E7804BF72AA4}.Debug|Any CPU.ActiveCfg = Release
		{A9BECB2B-A32A-4BBD-A548-E7804BF72AA4}.Release|Any CPU.ActiveCfg = Release
	EndGlobalSection
	GlobalSection(SolutionProperties) = preSolution
		HideSolutionNode = FALSE
	EndGlobalSection
	GlobalSection(ExtensibilityGlobals) = postSolution
		SolutionGuid = {2B9B095D-E984-445C-A938-E69C2E6AA053}
	EndGlobalSection
EndGlobal
